// !$*UTF8*$!
{
	archiveVersion = 1;
	classes = {
	};
	objectVersion = 56;
	objects = {

/* Begin PBXBuildFile section */
		AC28F26A2EBDDAE5003B66B8 /* AppDelegate.swift in Sources */ = {isa = PBXBuildFile; fileRef = AC28F2692EBDDAE5003B66B8 /* AppDelegate.swift */; };
		AC28F26C2EBDDAE5003B66B8 /* SceneDelegate.swift in Sources */ = {isa = PBXBuildFile; fileRef = AC28F26B2EBDDAE5003B66B8 /* SceneDelegate.swift */; };
		AC28F26E2EBDDAE5003B66B8 /* ViewController.swift in Sources */ = {isa = PBXBuildFile; fileRef = AC28F26D2EBDDAE5003B66B8 /* ViewController.swift */; };
		AC28F2732EBDDAEE003B66B8 /* Assets.xcassets in Resources */ = {isa = PBXBuildFile; fileRef = AC28F2722EBDDAEE003B66B8 /* Assets.xcassets */; };
		AC28F2762EBDDAEE003B66B8 /* LaunchScreen.storyboard in Resources */ = {isa = PBXBuildFile; fileRef = AC28F2742EBDDAEE003B66B8 /* LaunchScreen.storyboard */; };
		AC28F2812EBDDAEE003B66B8 /* Test_VIPER_Architecture_ProjectTests.swift in Sources */ = {isa = PBXBuildFile; fileRef = AC28F2802EBDDAEE003B66B8 /* Test_VIPER_Architecture_ProjectTests.swift */; };
		AC28F28B2EBDDAEE003B66B8 /* Test_VIPER_Architecture_ProjectUITests.swift in Sources */ = {isa = PBXBuildFile; fileRef = AC28F28A2EBDDAEE003B66B8 /* Test_VIPER_Architecture_ProjectUITests.swift */; };
		AC28F28D2EBDDAEF003B66B8 /* Test_VIPER_Architecture_ProjectUITestsLaunchTests.swift in Sources */ = {isa = PBXBuildFile; fileRef = AC28F28C2EBDDAEF003B66B8 /* Test_VIPER_Architecture_ProjectUITestsLaunchTests.swift */; };
		AC28F29C2EBDDBB8003B66B8 /* NetworkHandler.swift in Sources */ = {isa = PBXBuildFile; fileRef = AC28F29B2EBDDBB8003B66B8 /* NetworkHandler.swift */; };
		AC28F2A02EBDDC06003B66B8 /* DashboardPresenter.swift in Sources */ = {isa = PBXBuildFile; fileRef = AC28F29F2EBDDC06003B66B8 /* DashboardPresenter.swift */; };
		AC28F2A22EBDDC31003B66B8 /* DashboardView.swift in Sources */ = {isa = PBXBuildFile; fileRef = AC28F2A12EBDDC31003B66B8 /* DashboardView.swift */; };
		AC28F2A42EBDDC74003B66B8 /* LoginRouter.swift in Sources */ = {isa = PBXBuildFile; fileRef = AC28F2A32EBDDC74003B66B8 /* LoginRouter.swift */; };
		AC28F2A62EBDDCA5003B66B8 /* LoginInterator.swift in Sources */ = {isa = PBXBuildFile; fileRef = AC28F2A52EBDDCA5003B66B8 /* LoginInterator.swift */; };
		AC28F2A82EBDDCD2003B66B8 /* LoginPresenter.swift in Sources */ = {isa = PBXBuildFile; fileRef = AC28F2A72EBDDCD2003B66B8 /* LoginPresenter.swift */; };
		AC28F2AA2EBDDCEB003B66B8 /* LoginView.swift in Sources */ = {isa = PBXBuildFile; fileRef = AC28F2A92EBDDCEB003B66B8 /* LoginView.swift */; };
		AC28F2AC2EBDDE25003B66B8 /* DashboardBuilder.swift in Sources */ = {isa = PBXBuildFile; fileRef = AC28F2AB2EBDDE25003B66B8 /* DashboardBuilder.swift */; };
		AC28F2B02EBDE7A9003B66B8 /* CompositionRoot.swift in Sources */ = {isa = PBXBuildFile; fileRef = AC28F2AF2EBDE7A9003B66B8 /* CompositionRoot.swift */; };
		AC28F2B22EBE014D003B66B8 /* RegisterBuilder.swift in Sources */ = {isa = PBXBuildFile; fileRef = AC28F2B12EBE014D003B66B8 /* RegisterBuilder.swift */; };
		AC28F2B52EBE0ABC003B66B8 /* RegisterInteractor.swift in Sources */ = {isa = PBXBuildFile; fileRef = AC28F2B42EBE0ABC003B66B8 /* RegisterInteractor.swift */; };
		AC28F2B72EBE0B58003B66B8 /* RegisterRouter.swift in Sources */ = {isa = PBXBuildFile; fileRef = AC28F2B62EBE0B58003B66B8 /* RegisterRouter.swift */; };
		AC28F2B92EBE0BBF003B66B8 /* RegisterPresenter.swift in Sources */ = {isa = PBXBuildFile; fileRef = AC28F2B82EBE0BBF003B66B8 /* RegisterPresenter.swift */; };
		AC28F2BB2EBE0BE9003B66B8 /* RegisterView.swift in Sources */ = {isa = PBXBuildFile; fileRef = AC28F2BA2EBE0BE9003B66B8 /* RegisterView.swift */; };
		AC28F2BD2EBE0C2D003B66B8 /* LoginBuilder.swift in Sources */ = {isa = PBXBuildFile; fileRef = AC28F2BC2EBE0C2D003B66B8 /* LoginBuilder.swift */; };
		AC77EA422EC6266D00509B92 /* ErrorMsgLayout.swift in Sources */ = {isa = PBXBuildFile; fileRef = AC77EA412EC6266D00509B92 /* ErrorMsgLayout.swift */; };
		ACC468472EC4849D002F79BB /* AlertType.swift in Sources */ = {isa = PBXBuildFile; fileRef = ACC468462EC4849D002F79BB /* AlertType.swift */; };
		ACC468492EC4C7B2002F79BB /* ErrorMsg.swift in Sources */ = {isa = PBXBuildFile; fileRef = ACC468482EC4C7B2002F79BB /* ErrorMsg.swift */; };
		ACD0C2332EC1C04500EAD6E8 /* DashboardInteractor.swift in Sources */ = {isa = PBXBuildFile; fileRef = ACD0C2322EC1C04500EAD6E8 /* DashboardInteractor.swift */; };
		ACD0C2362EC224A200EAD6E8 /* RegisterContracts.swift in Sources */ = {isa = PBXBuildFile; fileRef = ACD0C2352EC224A200EAD6E8 /* RegisterContracts.swift */; };
		ACD0C2382EC2250800EAD6E8 /* DashboardContracts.swift in Sources */ = {isa = PBXBuildFile; fileRef = ACD0C2372EC2250800EAD6E8 /* DashboardContracts.swift */; };
		ACD0C23A2EC2253E00EAD6E8 /* LoginContracts.swift in Sources */ = {isa = PBXBuildFile; fileRef = ACD0C2392EC2253E00EAD6E8 /* LoginContracts.swift */; };
		ACD0C23C2EC2261F00EAD6E8 /* RegisterEntity.swift in Sources */ = {isa = PBXBuildFile; fileRef = ACD0C23B2EC2261F00EAD6E8 /* RegisterEntity.swift */; };
		ACD0C23E2EC2268C00EAD6E8 /* DashboardEntity.swift in Sources */ = {isa = PBXBuildFile; fileRef = ACD0C23D2EC2268C00EAD6E8 /* DashboardEntity.swift */; };
		ACD0C2402EC319FD00EAD6E8 /* DashboardRouter.swift in Sources */ = {isa = PBXBuildFile; fileRef = ACD0C23F2EC319FD00EAD6E8 /* DashboardRouter.swift */; };
/* End PBXBuildFile section */

/* Begin PBXContainerItemProxy section */
		AC28F27D2EBDDAEE003B66B8 /* PBXContainerItemProxy */ = {
			isa = PBXContainerItemProxy;
			containerPortal = AC28F25E2EBDDAE5003B66B8 /* Project object */;
			proxyType = 1;
			remoteGlobalIDString = AC28F2652EBDDAE5003B66B8;
			remoteInfo = Test_VIPER_Architecture_Project;
		};
		AC28F2872EBDDAEE003B66B8 /* PBXContainerItemProxy */ = {
			isa = PBXContainerItemProxy;
			containerPortal = AC28F25E2EBDDAE5003B66B8 /* Project object */;
			proxyType = 1;
			remoteGlobalIDString = AC28F2652EBDDAE5003B66B8;
			remoteInfo = Test_VIPER_Architecture_Project;
		};
/* End PBXContainerItemProxy section */

/* Begin PBXFileReference section */
		AC28F2662EBDDAE5003B66B8 /* Test_VIPER_Architecture_Project.app */ = {isa = PBXFileReference; explicitFileType = wrapper.application; includeInIndex = 0; path = Test_VIPER_Architecture_Project.app; sourceTree = BUILT_PRODUCTS_DIR; };
		AC28F2692EBDDAE5003B66B8 /* AppDelegate.swift */ = {isa = PBXFileReference; lastKnownFileType = sourcecode.swift; path = AppDelegate.swift; sourceTree = "<group>"; };
		AC28F26B2EBDDAE5003B66B8 /* SceneDelegate.swift */ = {isa = PBXFileReference; lastKnownFileType = sourcecode.swift; path = SceneDelegate.swift; sourceTree = "<group>"; };
		AC28F26D2EBDDAE5003B66B8 /* ViewController.swift */ = {isa = PBXFileReference; lastKnownFileType = sourcecode.swift; path = ViewController.swift; sourceTree = "<group>"; };
		AC28F2722EBDDAEE003B66B8 /* Assets.xcassets */ = {isa = PBXFileReference; lastKnownFileType = folder.assetcatalog; path = Assets.xcassets; sourceTree = "<group>"; };
		AC28F2752EBDDAEE003B66B8 /* Base */ = {isa = PBXFileReference; lastKnownFileType = file.storyboard; name = Base; path = Base.lproj/LaunchScreen.storyboard; sourceTree = "<group>"; };
		AC28F2772EBDDAEE003B66B8 /* Info.plist */ = {isa = PBXFileReference; lastKnownFileType = text.plist.xml; path = Info.plist; sourceTree = "<group>"; };
		AC28F27C2EBDDAEE003B66B8 /* Test_VIPER_Architecture_ProjectTests.xctest */ = {isa = PBXFileReference; explicitFileType = wrapper.cfbundle; includeInIndex = 0; path = Test_VIPER_Architecture_ProjectTests.xctest; sourceTree = BUILT_PRODUCTS_DIR; };
		AC28F2802EBDDAEE003B66B8 /* Test_VIPER_Architecture_ProjectTests.swift */ = {isa = PBXFileReference; lastKnownFileType = sourcecode.swift; path = Test_VIPER_Architecture_ProjectTests.swift; sourceTree = "<group>"; };
		AC28F2862EBDDAEE003B66B8 /* Test_VIPER_Architecture_ProjectUITests.xctest */ = {isa = PBXFileReference; explicitFileType = wrapper.cfbundle; includeInIndex = 0; path = Test_VIPER_Architecture_ProjectUITests.xctest; sourceTree = BUILT_PRODUCTS_DIR; };
		AC28F28A2EBDDAEE003B66B8 /* Test_VIPER_Architecture_ProjectUITests.swift */ = {isa = PBXFileReference; lastKnownFileType = sourcecode.swift; path = Test_VIPER_Architecture_ProjectUITests.swift; sourceTree = "<group>"; };
		AC28F28C2EBDDAEF003B66B8 /* Test_VIPER_Architecture_ProjectUITestsLaunchTests.swift */ = {isa = PBXFileReference; lastKnownFileType = sourcecode.swift; path = Test_VIPER_Architecture_ProjectUITestsLaunchTests.swift; sourceTree = "<group>"; };
		AC28F29B2EBDDBB8003B66B8 /* NetworkHandler.swift */ = {isa = PBXFileReference; lastKnownFileType = sourcecode.swift; path = NetworkHandler.swift; sourceTree = "<group>"; };
		AC28F29F2EBDDC06003B66B8 /* DashboardPresenter.swift */ = {isa = PBXFileReference; lastKnownFileType = sourcecode.swift; path = DashboardPresenter.swift; sourceTree = "<group>"; };
		AC28F2A12EBDDC31003B66B8 /* DashboardView.swift */ = {isa = PBXFileReference; lastKnownFileType = sourcecode.swift; path = DashboardView.swift; sourceTree = "<group>"; };
		AC28F2A32EBDDC74003B66B8 /* LoginRouter.swift */ = {isa = PBXFileReference; lastKnownFileType = sourcecode.swift; path = LoginRouter.swift; sourceTree = "<group>"; };
		AC28F2A52EBDDCA5003B66B8 /* LoginInterator.swift */ = {isa = PBXFileReference; lastKnownFileType = sourcecode.swift; path = LoginInterator.swift; sourceTree = "<group>"; };
		AC28F2A72EBDDCD2003B66B8 /* LoginPresenter.swift */ = {isa = PBXFileReference; lastKnownFileType = sourcecode.swift; path = LoginPresenter.swift; sourceTree = "<group>"; };
		AC28F2A92EBDDCEB003B66B8 /* LoginView.swift */ = {isa = PBXFileReference; lastKnownFileType = sourcecode.swift; path = LoginView.swift; sourceTree = "<group>"; };
		AC28F2AB2EBDDE25003B66B8 /* DashboardBuilder.swift */ = {isa = PBXFileReference; lastKnownFileType = sourcecode.swift; path = DashboardBuilder.swift; sourceTree = "<group>"; };
		AC28F2AF2EBDE7A9003B66B8 /* CompositionRoot.swift */ = {isa = PBXFileReference; lastKnownFileType = sourcecode.swift; path = CompositionRoot.swift; sourceTree = "<group>"; };
		AC28F2B12EBE014D003B66B8 /* RegisterBuilder.swift */ = {isa = PBXFileReference; lastKnownFileType = sourcecode.swift; path = RegisterBuilder.swift; sourceTree = "<group>"; };
		AC28F2B42EBE0ABC003B66B8 /* RegisterInteractor.swift */ = {isa = PBXFileReference; lastKnownFileType = sourcecode.swift; path = RegisterInteractor.swift; sourceTree = "<group>"; };
		AC28F2B62EBE0B58003B66B8 /* RegisterRouter.swift */ = {isa = PBXFileReference; lastKnownFileType = sourcecode.swift; path = RegisterRouter.swift; sourceTree = "<group>"; };
		AC28F2B82EBE0BBF003B66B8 /* RegisterPresenter.swift */ = {isa = PBXFileReference; lastKnownFileType = sourcecode.swift; path = RegisterPresenter.swift; sourceTree = "<group>"; };
		AC28F2BA2EBE0BE9003B66B8 /* RegisterView.swift */ = {isa = PBXFileReference; lastKnownFileType = sourcecode.swift; path = RegisterView.swift; sourceTree = "<group>"; };
		AC28F2BC2EBE0C2D003B66B8 /* LoginBuilder.swift */ = {isa = PBXFileReference; lastKnownFileType = sourcecode.swift; path = LoginBuilder.swift; sourceTree = "<group>"; };
		AC77EA412EC6266D00509B92 /* ErrorMsgLayout.swift */ = {isa = PBXFileReference; lastKnownFileType = sourcecode.swift; path = ErrorMsgLayout.swift; sourceTree = "<group>"; };
		ACC468462EC4849D002F79BB /* AlertType.swift */ = {isa = PBXFileReference; lastKnownFileType = sourcecode.swift; path = AlertType.swift; sourceTree = "<group>"; };
		ACC468482EC4C7B2002F79BB /* ErrorMsg.swift */ = {isa = PBXFileReference; lastKnownFileType = sourcecode.swift; path = ErrorMsg.swift; sourceTree = "<group>"; };
		ACD0C2322EC1C04500EAD6E8 /* DashboardInteractor.swift */ = {isa = PBXFileReference; lastKnownFileType = sourcecode.swift; path = DashboardInteractor.swift; sourceTree = "<group>"; };
		ACD0C2352EC224A200EAD6E8 /* RegisterContracts.swift */ = {isa = PBXFileReference; lastKnownFileType = sourcecode.swift; path = RegisterContracts.swift; sourceTree = "<group>"; };
		ACD0C2372EC2250800EAD6E8 /* DashboardContracts.swift */ = {isa = PBXFileReference; lastKnownFileType = sourcecode.swift; path = DashboardContracts.swift; sourceTree = "<group>"; };
		ACD0C2392EC2253E00EAD6E8 /* LoginContracts.swift */ = {isa = PBXFileReference; lastKnownFileType = sourcecode.swift; path = LoginContracts.swift; sourceTree = "<group>"; };
		ACD0C23B2EC2261F00EAD6E8 /* RegisterEntity.swift */ = {isa = PBXFileReference; lastKnownFileType = sourcecode.swift; path = RegisterEntity.swift; sourceTree = "<group>"; };
		ACD0C23D2EC2268C00EAD6E8 /* DashboardEntity.swift */ = {isa = PBXFileReference; lastKnownFileType = sourcecode.swift; path = DashboardEntity.swift; sourceTree = "<group>"; };
		ACD0C23F2EC319FD00EAD6E8 /* DashboardRouter.swift */ = {isa = PBXFileReference; lastKnownFileType = sourcecode.swift; path = DashboardRouter.swift; sourceTree = "<group>"; };
/* End PBXFileReference section */

/* Begin PBXFrameworksBuildPhase section */
		AC28F2632EBDDAE5003B66B8 /* Frameworks */ = {
			isa = PBXFrameworksBuildPhase;
			buildActionMask = 2147483647;
			files = (
			);
			runOnlyForDeploymentPostprocessing = 0;
		};
		AC28F2792EBDDAEE003B66B8 /* Frameworks */ = {
			isa = PBXFrameworksBuildPhase;
			buildActionMask = 2147483647;
			files = (
			);
			runOnlyForDeploymentPostprocessing = 0;
		};
		AC28F2832EBDDAEE003B66B8 /* Frameworks */ = {
			isa = PBXFrameworksBuildPhase;
			buildActionMask = 2147483647;
			files = (
			);
			runOnlyForDeploymentPostprocessing = 0;
		};
/* End PBXFrameworksBuildPhase section */

/* Begin PBXGroup section */
		AC28F25D2EBDDAE5003B66B8 = {
			isa = PBXGroup;
			children = (
				AC28F2682EBDDAE5003B66B8 /* Test_VIPER_Architecture_Project */,
				AC28F27F2EBDDAEE003B66B8 /* Test_VIPER_Architecture_ProjectTests */,
				AC28F2892EBDDAEE003B66B8 /* Test_VIPER_Architecture_ProjectUITests */,
				AC28F2672EBDDAE5003B66B8 /* Products */,
			);
			sourceTree = "<group>";
		};
		AC28F2672EBDDAE5003B66B8 /* Products */ = {
			isa = PBXGroup;
			children = (
				AC28F2662EBDDAE5003B66B8 /* Test_VIPER_Architecture_Project.app */,
				AC28F27C2EBDDAEE003B66B8 /* Test_VIPER_Architecture_ProjectTests.xctest */,
				AC28F2862EBDDAEE003B66B8 /* Test_VIPER_Architecture_ProjectUITests.xctest */,
			);
			name = Products;
			sourceTree = "<group>";
		};
		AC28F2682EBDDAE5003B66B8 /* Test_VIPER_Architecture_Project */ = {
			isa = PBXGroup;
			children = (
				AC28F2692EBDDAE5003B66B8 /* AppDelegate.swift */,
				AC28F26B2EBDDAE5003B66B8 /* SceneDelegate.swift */,
				AC28F26D2EBDDAE5003B66B8 /* ViewController.swift */,
				AC28F29B2EBDDBB8003B66B8 /* NetworkHandler.swift */,
				AC77EA412EC6266D00509B92 /* ErrorMsgLayout.swift */,
				ACC468482EC4C7B2002F79BB /* ErrorMsg.swift */,
				AC28F2AF2EBDE7A9003B66B8 /* CompositionRoot.swift */,
				ACC468462EC4849D002F79BB /* AlertType.swift */,
				AC28F2722EBDDAEE003B66B8 /* Assets.xcassets */,
				AC28F2AD2EBDDE42003B66B8 /* Login */,
				AC28F2B32EBE0153003B66B8 /* Register */,
				AC28F2AE2EBDDE81003B66B8 /* Dashboard */,
				AC28F2742EBDDAEE003B66B8 /* LaunchScreen.storyboard */,
				AC28F2772EBDDAEE003B66B8 /* Info.plist */,
			);
			path = Test_VIPER_Architecture_Project;
			sourceTree = "<group>";
		};
		AC28F27F2EBDDAEE003B66B8 /* Test_VIPER_Architecture_ProjectTests */ = {
			isa = PBXGroup;
			children = (
				AC28F2802EBDDAEE003B66B8 /* Test_VIPER_Architecture_ProjectTests.swift */,
			);
			path = Test_VIPER_Architecture_ProjectTests;
			sourceTree = "<group>";
		};
		AC28F2892EBDDAEE003B66B8 /* Test_VIPER_Architecture_ProjectUITests */ = {
			isa = PBXGroup;
			children = (
				AC28F28A2EBDDAEE003B66B8 /* Test_VIPER_Architecture_ProjectUITests.swift */,
				AC28F28C2EBDDAEF003B66B8 /* Test_VIPER_Architecture_ProjectUITestsLaunchTests.swift */,
			);
			path = Test_VIPER_Architecture_ProjectUITests;
			sourceTree = "<group>";
		};
		AC28F2AD2EBDDE42003B66B8 /* Login */ = {
			isa = PBXGroup;
			children = (
				AC28F2A72EBDDCD2003B66B8 /* LoginPresenter.swift */,
				AC28F2A92EBDDCEB003B66B8 /* LoginView.swift */,
				AC28F2A32EBDDC74003B66B8 /* LoginRouter.swift */,
				ACD0C2392EC2253E00EAD6E8 /* LoginContracts.swift */,
				AC28F2BC2EBE0C2D003B66B8 /* LoginBuilder.swift */,
				AC28F2A52EBDDCA5003B66B8 /* LoginInterator.swift */,
			);
			path = Login;
			sourceTree = "<group>";
		};
		AC28F2AE2EBDDE81003B66B8 /* Dashboard */ = {
			isa = PBXGroup;
			children = (
				AC28F29F2EBDDC06003B66B8 /* DashboardPresenter.swift */,
				ACD0C2322EC1C04500EAD6E8 /* DashboardInteractor.swift */,
				ACD0C2372EC2250800EAD6E8 /* DashboardContracts.swift */,
				ACD0C23D2EC2268C00EAD6E8 /* DashboardEntity.swift */,
				ACD0C23F2EC319FD00EAD6E8 /* DashboardRouter.swift */,
				AC28F2A12EBDDC31003B66B8 /* DashboardView.swift */,
				AC28F2AB2EBDDE25003B66B8 /* DashboardBuilder.swift */,
			);
			path = Dashboard;
			sourceTree = "<group>";
		};
		AC28F2B32EBE0153003B66B8 /* Register */ = {
			isa = PBXGroup;
			children = (
				AC28F2B12EBE014D003B66B8 /* RegisterBuilder.swift */,
				AC28F2B42EBE0ABC003B66B8 /* RegisterInteractor.swift */,
				ACD0C2352EC224A200EAD6E8 /* RegisterContracts.swift */,
				ACD0C23B2EC2261F00EAD6E8 /* RegisterEntity.swift */,
				AC28F2B82EBE0BBF003B66B8 /* RegisterPresenter.swift */,
				AC28F2BA2EBE0BE9003B66B8 /* RegisterView.swift */,
				AC28F2B62EBE0B58003B66B8 /* RegisterRouter.swift */,
			);
			path = Register;
			sourceTree = "<group>";
		};
/* End PBXGroup section */

/* Begin PBXNativeTarget section */
		AC28F2652EBDDAE5003B66B8 /* Test_VIPER_Architecture_Project */ = {
			isa = PBXNativeTarget;
			buildConfigurationList = AC28F2902EBDDAEF003B66B8 /* Build configuration list for PBXNativeTarget "Test_VIPER_Architecture_Project" */;
			buildPhases = (
				AC28F2622EBDDAE5003B66B8 /* Sources */,
				AC28F2632EBDDAE5003B66B8 /* Frameworks */,
				AC28F2642EBDDAE5003B66B8 /* Resources */,
			);
			buildRules = (
			);
			dependencies = (
			);
			name = Test_VIPER_Architecture_Project;
			productName = Test_VIPER_Architecture_Project;
			productReference = AC28F2662EBDDAE5003B66B8 /* Test_VIPER_Architecture_Project.app */;
			productType = "com.apple.product-type.application";
		};
		AC28F27B2EBDDAEE003B66B8 /* Test_VIPER_Architecture_ProjectTests */ = {
			isa = PBXNativeTarget;
			buildConfigurationList = AC28F2932EBDDAEF003B66B8 /* Build configuration list for PBXNativeTarget "Test_VIPER_Architecture_ProjectTests" */;
			buildPhases = (
				AC28F2782EBDDAEE003B66B8 /* Sources */,
				AC28F2792EBDDAEE003B66B8 /* Frameworks */,
				AC28F27A2EBDDAEE003B66B8 /* Resources */,
			);
			buildRules = (
			);
			dependencies = (
				AC28F27E2EBDDAEE003B66B8 /* PBXTargetDependency */,
			);
			name = Test_VIPER_Architecture_ProjectTests;
			productName = Test_VIPER_Architecture_ProjectTests;
			productReference = AC28F27C2EBDDAEE003B66B8 /* Test_VIPER_Architecture_ProjectTests.xctest */;
			productType = "com.apple.product-type.bundle.unit-test";
		};
		AC28F2852EBDDAEE003B66B8 /* Test_VIPER_Architecture_ProjectUITests */ = {
			isa = PBXNativeTarget;
			buildConfigurationList = AC28F2962EBDDAEF003B66B8 /* Build configuration list for PBXNativeTarget "Test_VIPER_Architecture_ProjectUITests" */;
			buildPhases = (
				AC28F2822EBDDAEE003B66B8 /* Sources */,
				AC28F2832EBDDAEE003B66B8 /* Frameworks */,
				AC28F2842EBDDAEE003B66B8 /* Resources */,
			);
			buildRules = (
			);
			dependencies = (
				AC28F2882EBDDAEE003B66B8 /* PBXTargetDependency */,
			);
			name = Test_VIPER_Architecture_ProjectUITests;
			productName = Test_VIPER_Architecture_ProjectUITests;
			productReference = AC28F2862EBDDAEE003B66B8 /* Test_VIPER_Architecture_ProjectUITests.xctest */;
			productType = "com.apple.product-type.bundle.ui-testing";
		};
/* End PBXNativeTarget section */

/* Begin PBXProject section */
		AC28F25E2EBDDAE5003B66B8 /* Project object */ = {
			isa = PBXProject;
			attributes = {
				BuildIndependentTargetsInParallel = 1;
				LastSwiftUpdateCheck = 1410;
				LastUpgradeCheck = 1410;
				TargetAttributes = {
					AC28F2652EBDDAE5003B66B8 = {
						CreatedOnToolsVersion = 14.1;
					};
					AC28F27B2EBDDAEE003B66B8 = {
						CreatedOnToolsVersion = 14.1;
						TestTargetID = AC28F2652EBDDAE5003B66B8;
					};
					AC28F2852EBDDAEE003B66B8 = {
						CreatedOnToolsVersion = 14.1;
						TestTargetID = AC28F2652EBDDAE5003B66B8;
					};
				};
			};
			buildConfigurationList = AC28F2612EBDDAE5003B66B8 /* Build configuration list for PBXProject "Test_VIPER_Architecture_Project" */;
			compatibilityVersion = "Xcode 14.0";
			developmentRegion = en;
			hasScannedForEncodings = 0;
			knownRegions = (
				en,
				Base,
			);
			mainGroup = AC28F25D2EBDDAE5003B66B8;
			productRefGroup = AC28F2672EBDDAE5003B66B8 /* Products */;
			projectDirPath = "";
			projectRoot = "";
			targets = (
				AC28F2652EBDDAE5003B66B8 /* Test_VIPER_Architecture_Project */,
				AC28F27B2EBDDAEE003B66B8 /* Test_VIPER_Architecture_ProjectTests */,
				AC28F2852EBDDAEE003B66B8 /* Test_VIPER_Architecture_ProjectUITests */,
			);
		};
/* End PBXProject section */

/* Begin PBXResourcesBuildPhase section */
		AC28F2642EBDDAE5003B66B8 /* Resources */ = {
			isa = PBXResourcesBuildPhase;
			buildActionMask = 2147483647;
			files = (
				AC28F2762EBDDAEE003B66B8 /* LaunchScreen.storyboard in Resources */,
				AC28F2732EBDDAEE003B66B8 /* Assets.xcassets in Resources */,
			);
			runOnlyForDeploymentPostprocessing = 0;
		};
		AC28F27A2EBDDAEE003B66B8 /* Resources */ = {
			isa = PBXResourcesBuildPhase;
			buildActionMask = 2147483647;
			files = (
			);
			runOnlyForDeploymentPostprocessing = 0;
		};
		AC28F2842EBDDAEE003B66B8 /* Resources */ = {
			isa = PBXResourcesBuildPhase;
			buildActionMask = 2147483647;
			files = (
			);
			runOnlyForDeploymentPostprocessing = 0;
		};
/* End PBXResourcesBuildPhase section */

/* Begin PBXSourcesBuildPhase section */
		AC28F2622EBDDAE5003B66B8 /* Sources */ = {
			isa = PBXSourcesBuildPhase;
			buildActionMask = 2147483647;
			files = (
				AC28F26E2EBDDAE5003B66B8 /* ViewController.swift in Sources */,
				ACD0C23C2EC2261F00EAD6E8 /* RegisterEntity.swift in Sources */,
				ACC468492EC4C7B2002F79BB /* ErrorMsg.swift in Sources */,
				AC28F2A22EBDDC31003B66B8 /* DashboardView.swift in Sources */,
				ACD0C2382EC2250800EAD6E8 /* DashboardContracts.swift in Sources */,
				AC28F2B22EBE014D003B66B8 /* RegisterBuilder.swift in Sources */,
				AC28F2A62EBDDCA5003B66B8 /* LoginInterator.swift in Sources */,
				AC28F2B92EBE0BBF003B66B8 /* RegisterPresenter.swift in Sources */,
				AC77EA422EC6266D00509B92 /* ErrorMsgLayout.swift in Sources */,
				AC28F2B72EBE0B58003B66B8 /* RegisterRouter.swift in Sources */,
				AC28F2A82EBDDCD2003B66B8 /* LoginPresenter.swift in Sources */,
				AC28F2B52EBE0ABC003B66B8 /* RegisterInteractor.swift in Sources */,
				ACD0C23A2EC2253E00EAD6E8 /* LoginContracts.swift in Sources */,
				AC28F2BB2EBE0BE9003B66B8 /* RegisterView.swift in Sources */,
				AC28F2AC2EBDDE25003B66B8 /* DashboardBuilder.swift in Sources */,
				AC28F2AA2EBDDCEB003B66B8 /* LoginView.swift in Sources */,
				AC28F2BD2EBE0C2D003B66B8 /* LoginBuilder.swift in Sources */,
				AC28F2B02EBDE7A9003B66B8 /* CompositionRoot.swift in Sources */,
				AC28F26A2EBDDAE5003B66B8 /* AppDelegate.swift in Sources */,
				AC28F2A42EBDDC74003B66B8 /* LoginRouter.swift in Sources */,
				ACD0C23E2EC2268C00EAD6E8 /* DashboardEntity.swift in Sources */,
				ACD0C2332EC1C04500EAD6E8 /* DashboardInteractor.swift in Sources */,
				ACD0C2362EC224A200EAD6E8 /* RegisterContracts.swift in Sources */,
				AC28F2A02EBDDC06003B66B8 /* DashboardPresenter.swift in Sources */,
				ACD0C2402EC319FD00EAD6E8 /* DashboardRouter.swift in Sources */,
				ACC468472EC4849D002F79BB /* AlertType.swift in Sources */,
				AC28F29C2EBDDBB8003B66B8 /* NetworkHandler.swift in Sources */,
				AC28F26C2EBDDAE5003B66B8 /* SceneDelegate.swift in Sources */,
			);
			runOnlyForDeploymentPostprocessing = 0;
		};
		AC28F2782EBDDAEE003B66B8 /* Sources */ = {
			isa = PBXSourcesBuildPhase;
			buildActionMask = 2147483647;
			files = (
				AC28F2812EBDDAEE003B66B8 /* Test_VIPER_Architecture_ProjectTests.swift in Sources */,
			);
			runOnlyForDeploymentPostprocessing = 0;
		};
		AC28F2822EBDDAEE003B66B8 /* Sources */ = {
			isa = PBXSourcesBuildPhase;
			buildActionMask = 2147483647;
			files = (
				AC28F28D2EBDDAEF003B66B8 /* Test_VIPER_Architecture_ProjectUITestsLaunchTests.swift in Sources */,
				AC28F28B2EBDDAEE003B66B8 /* Test_VIPER_Architecture_ProjectUITests.swift in Sources */,
			);
			runOnlyForDeploymentPostprocessing = 0;
		};
/* End PBXSourcesBuildPhase section */

/* Begin PBXTargetDependency section */
		AC28F27E2EBDDAEE003B66B8 /* PBXTargetDependency */ = {
			isa = PBXTargetDependency;
			target = AC28F2652EBDDAE5003B66B8 /* Test_VIPER_Architecture_Project */;
			targetProxy = AC28F27D2EBDDAEE003B66B8 /* PBXContainerItemProxy */;
		};
		AC28F2882EBDDAEE003B66B8 /* PBXTargetDependency */ = {
			isa = PBXTargetDependency;
			target = AC28F2652EBDDAE5003B66B8 /* Test_VIPER_Architecture_Project */;
			targetProxy = AC28F2872EBDDAEE003B66B8 /* PBXContainerItemProxy */;
		};
/* End PBXTargetDependency section */

/* Begin PBXVariantGroup section */
		AC28F2742EBDDAEE003B66B8 /* LaunchScreen.storyboard */ = {
			isa = PBXVariantGroup;
			children = (
				AC28F2752EBDDAEE003B66B8 /* Base */,
			);
			name = LaunchScreen.storyboard;
			sourceTree = "<group>";
		};
/* End PBXVariantGroup section */

/* Begin XCBuildConfiguration section */
		AC28F28E2EBDDAEF003B66B8 /* Debug */ = {
			isa = XCBuildConfiguration;
			buildSettings = {
				ALWAYS_SEARCH_USER_PATHS = NO;
				CLANG_ANALYZER_NONNULL = YES;
				CLANG_ANALYZER_NUMBER_OBJECT_CONVERSION = YES_AGGRESSIVE;
				CLANG_CXX_LANGUAGE_STANDARD = "gnu++20";
				CLANG_ENABLE_MODULES = YES;
				CLANG_ENABLE_OBJC_ARC = YES;
				CLANG_ENABLE_OBJC_WEAK = YES;
				CLANG_WARN_BLOCK_CAPTURE_AUTORELEASING = YES;
				CLANG_WARN_BOOL_CONVERSION = YES;
				CLANG_WARN_COMMA = YES;
				CLANG_WARN_CONSTANT_CONVERSION = YES;
				CLANG_WARN_DEPRECATED_OBJC_IMPLEMENTATIONS = YES;
				CLANG_WARN_DIRECT_OBJC_ISA_USAGE = YES_ERROR;
				CLANG_WARN_DOCUMENTATION_COMMENTS = YES;
				CLANG_WARN_EMPTY_BODY = YES;
				CLANG_WARN_ENUM_CONVERSION = YES;
				CLANG_WARN_INFINITE_RECURSION = YES;
				CLANG_WARN_INT_CONVERSION = YES;
				CLANG_WARN_NON_LITERAL_NULL_CONVERSION = YES;
				CLANG_WARN_OBJC_IMPLICIT_RETAIN_SELF = YES;
				CLANG_WARN_OBJC_LITERAL_CONVERSION = YES;
				CLANG_WARN_OBJC_ROOT_CLASS = YES_ERROR;
				CLANG_WARN_QUOTED_INCLUDE_IN_FRAMEWORK_HEADER = YES;
				CLANG_WARN_RANGE_LOOP_ANALYSIS = YES;
				CLANG_WARN_STRICT_PROTOTYPES = YES;
				CLANG_WARN_SUSPICIOUS_MOVE = YES;
				CLANG_WARN_UNGUARDED_AVAILABILITY = YES_AGGRESSIVE;
				CLANG_WARN_UNREACHABLE_CODE = YES;
				CLANG_WARN__DUPLICATE_METHOD_MATCH = YES;
				COPY_PHASE_STRIP = NO;
				DEBUG_INFORMATION_FORMAT = dwarf;
				ENABLE_STRICT_OBJC_MSGSEND = YES;
				ENABLE_TESTABILITY = YES;
				GCC_C_LANGUAGE_STANDARD = gnu11;
				GCC_DYNAMIC_NO_PIC = NO;
				GCC_NO_COMMON_BLOCKS = YES;
				GCC_OPTIMIZATION_LEVEL = 0;
				GCC_PREPROCESSOR_DEFINITIONS = (
					"DEBUG=1",
					"$(inherited)",
				);
				GCC_WARN_64_TO_32_BIT_CONVERSION = YES;
				GCC_WARN_ABOUT_RETURN_TYPE = YES_ERROR;
				GCC_WARN_UNDECLARED_SELECTOR = YES;
				GCC_WARN_UNINITIALIZED_AUTOS = YES_AGGRESSIVE;
				GCC_WARN_UNUSED_FUNCTION = YES;
				GCC_WARN_UNUSED_VARIABLE = YES;
				IPHONEOS_DEPLOYMENT_TARGET = 16.1;
				MTL_ENABLE_DEBUG_INFO = INCLUDE_SOURCE;
				MTL_FAST_MATH = YES;
				ONLY_ACTIVE_ARCH = YES;
				SDKROOT = iphoneos;
				SWIFT_ACTIVE_COMPILATION_CONDITIONS = DEBUG;
				SWIFT_OPTIMIZATION_LEVEL = "-Onone";
			};
			name = Debug;
		};
		AC28F28F2EBDDAEF003B66B8 /* Release */ = {
			isa = XCBuildConfiguration;
			buildSettings = {
				ALWAYS_SEARCH_USER_PATHS = NO;
				CLANG_ANALYZER_NONNULL = YES;
				CLANG_ANALYZER_NUMBER_OBJECT_CONVERSION = YES_AGGRESSIVE;
				CLANG_CXX_LANGUAGE_STANDARD = "gnu++20";
				CLANG_ENABLE_MODULES = YES;
				CLANG_ENABLE_OBJC_ARC = YES;
				CLANG_ENABLE_OBJC_WEAK = YES;
				CLANG_WARN_BLOCK_CAPTURE_AUTORELEASING = YES;
				CLANG_WARN_BOOL_CONVERSION = YES;
				CLANG_WARN_COMMA = YES;
				CLANG_WARN_CONSTANT_CONVERSION = YES;
				CLANG_WARN_DEPRECATED_OBJC_IMPLEMENTATIONS = YES;
				CLANG_WARN_DIRECT_OBJC_ISA_USAGE = YES_ERROR;
				CLANG_WARN_DOCUMENTATION_COMMENTS = YES;
				CLANG_WARN_EMPTY_BODY = YES;
				CLANG_WARN_ENUM_CONVERSION = YES;
				CLANG_WARN_INFINITE_RECURSION = YES;
				CLANG_WARN_INT_CONVERSION = YES;
				CLANG_WARN_NON_LITERAL_NULL_CONVERSION = YES;
				CLANG_WARN_OBJC_IMPLICIT_RETAIN_SELF = YES;
				CLANG_WARN_OBJC_LITERAL_CONVERSION = YES;
				CLANG_WARN_OBJC_ROOT_CLASS = YES_ERROR;
				CLANG_WARN_QUOTED_INCLUDE_IN_FRAMEWORK_HEADER = YES;
				CLANG_WARN_RANGE_LOOP_ANALYSIS = YES;
				CLANG_WARN_STRICT_PROTOTYPES = YES;
				CLANG_WARN_SUSPICIOUS_MOVE = YES;
				CLANG_WARN_UNGUARDED_AVAILABILITY = YES_AGGRESSIVE;
				CLANG_WARN_UNREACHABLE_CODE = YES;
				CLANG_WARN__DUPLICATE_METHOD_MATCH = YES;
				COPY_PHASE_STRIP = NO;
				DEBUG_INFORMATION_FORMAT = "dwarf-with-dsym";
				ENABLE_NS_ASSERTIONS = NO;
				ENABLE_STRICT_OBJC_MSGSEND = YES;
				GCC_C_LANGUAGE_STANDARD = gnu11;
				GCC_NO_COMMON_BLOCKS = YES;
				GCC_WARN_64_TO_32_BIT_CONVERSION = YES;
				GCC_WARN_ABOUT_RETURN_TYPE = YES_ERROR;
				GCC_WARN_UNDECLARED_SELECTOR = YES;
				GCC_WARN_UNINITIALIZED_AUTOS = YES_AGGRESSIVE;
				GCC_WARN_UNUSED_FUNCTION = YES;
				GCC_WARN_UNUSED_VARIABLE = YES;
				IPHONEOS_DEPLOYMENT_TARGET = 16.1;
				MTL_ENABLE_DEBUG_INFO = NO;
				MTL_FAST_MATH = YES;
				SDKROOT = iphoneos;
				SWIFT_COMPILATION_MODE = wholemodule;
				SWIFT_OPTIMIZATION_LEVEL = "-O";
				VALIDATE_PRODUCT = YES;
			};
			name = Release;
		};
		AC28F2912EBDDAEF003B66B8 /* Debug */ = {
			isa = XCBuildConfiguration;
			buildSettings = {
				ASSETCATALOG_COMPILER_APPICON_NAME = AppIcon;
				ASSETCATALOG_COMPILER_GLOBAL_ACCENT_COLOR_NAME = AccentColor;
				CODE_SIGN_STYLE = Automatic;
				CURRENT_PROJECT_VERSION = 1;
				GENERATE_INFOPLIST_FILE = YES;
				INFOPLIST_FILE = Test_VIPER_Architecture_Project/Info.plist;
				INFOPLIST_KEY_UIApplicationSupportsIndirectInputEvents = YES;
				INFOPLIST_KEY_UILaunchStoryboardName = LaunchScreen;
				INFOPLIST_KEY_UISupportedInterfaceOrientations_iPad = "UIInterfaceOrientationPortrait UIInterfaceOrientationPortraitUpsideDown UIInterfaceOrientationLandscapeLeft UIInterfaceOrientationLandscapeRight";
				INFOPLIST_KEY_UISupportedInterfaceOrientations_iPhone = "UIInterfaceOrientationPortrait UIInterfaceOrientationLandscapeLeft UIInterfaceOrientationLandscapeRight";
				LD_RUNPATH_SEARCH_PATHS = (
					"$(inherited)",
					"@executable_path/Frameworks",
				);
				MARKETING_VERSION = 1.0;
				PRODUCT_BUNDLE_IDENTIFIER = "om.Test-VIPER-Architecture-Project";
				PRODUCT_NAME = "$(TARGET_NAME)";
				SWIFT_EMIT_LOC_STRINGS = YES;
				SWIFT_VERSION = 5.0;
				TARGETED_DEVICE_FAMILY = "1,2";
			};
			name = Debug;
		};
		AC28F2922EBDDAEF003B66B8 /* Release */ = {
			isa = XCBuildConfiguration;
			buildSettings = {
				ASSETCATALOG_COMPILER_APPICON_NAME = AppIcon;
				ASSETCATALOG_COMPILER_GLOBAL_ACCENT_COLOR_NAME = AccentColor;
				CODE_SIGN_STYLE = Automatic;
				CURRENT_PROJECT_VERSION = 1;
				GENERATE_INFOPLIST_FILE = YES;
				INFOPLIST_FILE = Test_VIPER_Architecture_Project/Info.plist;
				INFOPLIST_KEY_UIApplicationSupportsIndirectInputEvents = YES;
				INFOPLIST_KEY_UILaunchStoryboardName = LaunchScreen;
				INFOPLIST_KEY_UISupportedInterfaceOrientations_iPad = "UIInterfaceOrientationPortrait UIInterfaceOrientationPortraitUpsideDown UIInterfaceOrientationLandscapeLeft UIInterfaceOrientationLandscapeRight";
				INFOPLIST_KEY_UISupportedInterfaceOrientations_iPhone = "UIInterfaceOrientationPortrait UIInterfaceOrientationLandscapeLeft UIInterfaceOrientationLandscapeRight";
				LD_RUNPATH_SEARCH_PATHS = (
					"$(inherited)",
					"@executable_path/Frameworks",
				);
				MARKETING_VERSION = 1.0;
				PRODUCT_BUNDLE_IDENTIFIER = "om.Test-VIPER-Architecture-Project";
				PRODUCT_NAME = "$(TARGET_NAME)";
				SWIFT_EMIT_LOC_STRINGS = YES;
				SWIFT_VERSION = 5.0;
				TARGETED_DEVICE_FAMILY = "1,2";
			};
			name = Release;
		};
		AC28F2942EBDDAEF003B66B8 /* Debug */ = {
			isa = XCBuildConfiguration;
			buildSettings = {
				ALWAYS_EMBED_SWIFT_STANDARD_LIBRARIES = YES;
				BUNDLE_LOADER = "$(TEST_HOST)";
				CODE_SIGN_STYLE = Automatic;
				CURRENT_PROJECT_VERSION = 1;
				GENERATE_INFOPLIST_FILE = YES;
				IPHONEOS_DEPLOYMENT_TARGET = 16.1;
				MARKETING_VERSION = 1.0;
				PRODUCT_BUNDLE_IDENTIFIER = "om.Test-VIPER-Architecture-ProjectTests";
				PRODUCT_NAME = "$(TARGET_NAME)";
				SWIFT_EMIT_LOC_STRINGS = NO;
				SWIFT_VERSION = 5.0;
				TARGETED_DEVICE_FAMILY = "1,2";
				TEST_HOST = "$(BUILT_PRODUCTS_DIR)/Test_VIPER_Architecture_Project.app/$(BUNDLE_EXECUTABLE_FOLDER_PATH)/Test_VIPER_Architecture_Project";
			};
			name = Debug;
		};
		AC28F2952EBDDAEF003B66B8 /* Release */ = {
			isa = XCBuildConfiguration;
			buildSettings = {
				ALWAYS_EMBED_SWIFT_STANDARD_LIBRARIES = YES;
				BUNDLE_LOADER = "$(TEST_HOST)";
				CODE_SIGN_STYLE = Automatic;
				CURRENT_PROJECT_VERSION = 1;
				GENERATE_INFOPLIST_FILE = YES;
				IPHONEOS_DEPLOYMENT_TARGET = 16.1;
				MARKETING_VERSION = 1.0;
				PRODUCT_BUNDLE_IDENTIFIER = "om.Test-VIPER-Architecture-ProjectTests";
				PRODUCT_NAME = "$(TARGET_NAME)";
				SWIFT_EMIT_LOC_STRINGS = NO;
				SWIFT_VERSION = 5.0;
				TARGETED_DEVICE_FAMILY = "1,2";
				TEST_HOST = "$(BUILT_PRODUCTS_DIR)/Test_VIPER_Architecture_Project.app/$(BUNDLE_EXECUTABLE_FOLDER_PATH)/Test_VIPER_Architecture_Project";
			};
			name = Release;
		};
		AC28F2972EBDDAEF003B66B8 /* Debug */ = {
			isa = XCBuildConfiguration;
			buildSettings = {
				ALWAYS_EMBED_SWIFT_STANDARD_LIBRARIES = YES;
				CODE_SIGN_STYLE = Automatic;
				CURRENT_PROJECT_VERSION = 1;
				GENERATE_INFOPLIST_FILE = YES;
				MARKETING_VERSION = 1.0;
				PRODUCT_BUNDLE_IDENTIFIER = "om.Test-VIPER-Architecture-ProjectUITests";
				PRODUCT_NAME = "$(TARGET_NAME)";
				SWIFT_EMIT_LOC_STRINGS = NO;
				SWIFT_VERSION = 5.0;
				TARGETED_DEVICE_FAMILY = "1,2";
				TEST_TARGET_NAME = Test_VIPER_Architecture_Project;
			};
			name = Debug;
		};
		AC28F2982EBDDAEF003B66B8 /* Release */ = {
			isa = XCBuildConfiguration;
			buildSettings = {
				ALWAYS_EMBED_SWIFT_STANDARD_LIBRARIES = YES;
				CODE_SIGN_STYLE = Automatic;
				CURRENT_PROJECT_VERSION = 1;
				GENERATE_INFOPLIST_FILE = YES;
				MARKETING_VERSION = 1.0;
				PRODUCT_BUNDLE_IDENTIFIER = "om.Test-VIPER-Architecture-ProjectUITests";
				PRODUCT_NAME = "$(TARGET_NAME)";
				SWIFT_EMIT_LOC_STRINGS = NO;
				SWIFT_VERSION = 5.0;
				TARGETED_DEVICE_FAMILY = "1,2";
				TEST_TARGET_NAME = Test_VIPER_Architecture_Project;
			};
			name = Release;
		};
/* End XCBuildConfiguration section */

/* Begin XCConfigurationList section */
		AC28F2612EBDDAE5003B66B8 /* Build configuration list for PBXProject "Test_VIPER_Architecture_Project" */ = {
			isa = XCConfigurationList;
			buildConfigurations = (
				AC28F28E2EBDDAEF003B66B8 /* Debug */,
				AC28F28F2EBDDAEF003B66B8 /* Release */,
			);
			defaultConfigurationIsVisible = 0;
			defaultConfigurationName = Release;
		};
		AC28F2902EBDDAEF003B66B8 /* Build configuration list for PBXNativeTarget "Test_VIPER_Architecture_Project" */ = {
			isa = XCConfigurationList;
			buildConfigurations = (
				AC28F2912EBDDAEF003B66B8 /* Debug */,
				AC28F2922EBDDAEF003B66B8 /* Release */,
			);
			defaultConfigurationIsVisible = 0;
			defaultConfigurationName = Release;
		};
		AC28F2932EBDDAEF003B66B8 /* Build configuration list for PBXNativeTarget "Test_VIPER_Architecture_ProjectTests" */ = {
			isa = XCConfigurationList;
			buildConfigurations = (
				AC28F2942EBDDAEF003B66B8 /* Debug */,
				AC28F2952EBDDAEF003B66B8 /* Release */,
			);
			defaultConfigurationIsVisible = 0;
			defaultConfigurationName = Release;
		};
		AC28F2962EBDDAEF003B66B8 /* Build configuration list for PBXNativeTarget "Test_VIPER_Architecture_ProjectUITests" */ = {
			isa = XCConfigurationList;
			buildConfigurations = (
				AC28F2972EBDDAEF003B66B8 /* Debug */,
				AC28F2982EBDDAEF003B66B8 /* Release */,
			);
			defaultConfigurationIsVisible = 0;
			defaultConfigurationName = Release;
		};
/* End XCConfigurationList section */
	};
	rootObject = AC28F25E2EBDDAE5003B66B8 /* Project object */;
}
